// !$*UTF8*$!
{
	archiveVersion = 1;
	classes = {
	};
	objectVersion = 46;
	objects = {

/* Begin PBXBuildFile section */
		FC06E6DD1A665B7D0044BB16 /* main.m in Sources */ = {isa = PBXBuildFile; fileRef = FC06E6DC1A665B7D0044BB16 /* main.m */; };
		FC06E6E01A665B7D0044BB16 /* AppDelegate.m in Sources */ = {isa = PBXBuildFile; fileRef = FC06E6DF1A665B7D0044BB16 /* AppDelegate.m */; };
		FC06E6E31A665B7D0044BB16 /* ViewController.m in Sources */ = {isa = PBXBuildFile; fileRef = FC06E6E21A665B7D0044BB16 /* ViewController.m */; };
		FC06E6E61A665B7D0044BB16 /* Main.storyboard in Resources */ = {isa = PBXBuildFile; fileRef = FC06E6E41A665B7D0044BB16 /* Main.storyboard */; };
		FC06E6E81A665B7D0044BB16 /* Images.xcassets in Resources */ = {isa = PBXBuildFile; fileRef = FC06E6E71A665B7D0044BB16 /* Images.xcassets */; };
		FC06E6EB1A665B7D0044BB16 /* LaunchScreen.xib in Resources */ = {isa = PBXBuildFile; fileRef = FC06E6E91A665B7D0044BB16 /* LaunchScreen.xib */; };
		FC06E6F71A665B7D0044BB16 /* Random_DeciderTests.m in Sources */ = {isa = PBXBuildFile; fileRef = FC06E6F61A665B7D0044BB16 /* Random_DeciderTests.m */; };
/* End PBXBuildFile section */

/* Begin PBXContainerItemProxy section */
		FC06E6F11A665B7D0044BB16 /* PBXContainerItemProxy */ = {
			isa = PBXContainerItemProxy;
			containerPortal = FC06E6CF1A665B7D0044BB16 /* Project object */;
			proxyType = 1;
			remoteGlobalIDString = FC06E6D61A665B7D0044BB16;
			remoteInfo = "Random Decider";
		};
/* End PBXContainerItemProxy section */

/* Begin PBXFileReference section */
		FC06E6D71A665B7D0044BB16 /* Random Decider.app */ = {isa = PBXFileReference; explicitFileType = wrapper.application; includeInIndex = 0; path = "Random Decider.app"; sourceTree = BUILT_PRODUCTS_DIR; };
		FC06E6DB1A665B7D0044BB16 /* Info.plist */ = {isa = PBXFileReference; lastKnownFileType = text.plist.xml; path = Info.plist; sourceTree = "<group>"; };
		FC06E6DC1A665B7D0044BB16 /* main.m */ = {isa = PBXFileReference; lastKnownFileType = sourcecode.c.objc; path = main.m; sourceTree = "<group>"; };
		FC06E6DE1A665B7D0044BB16 /* AppDelegate.h */ = {isa = PBXFileReference; lastKnownFileType = sourcecode.c.h; path = AppDelegate.h; sourceTree = "<group>"; };
		FC06E6DF1A665B7D0044BB16 /* AppDelegate.m */ = {isa = PBXFileReference; lastKnownFileType = sourcecode.c.objc; path = AppDelegate.m; sourceTree = "<group>"; };
		FC06E6E11A665B7D0044BB16 /* ViewController.h */ = {isa = PBXFileReference; lastKnownFileType = sourcecode.c.h; path = ViewController.h; sourceTree = "<group>"; };
		FC06E6E21A665B7D0044BB16 /* ViewController.m */ = {isa = PBXFileReference; lastKnownFileType = sourcecode.c.objc; path = ViewController.m; sourceTree = "<group>"; };
		FC06E6E51A665B7D0044BB16 /* Base */ = {isa = PBXFileReference; lastKnownFileType = file.storyboard; name = Base; path = Base.lproj/Main.storyboard; sourceTree = "<group>"; };
		FC06E6E71A665B7D0044BB16 /* Images.xcassets */ = {isa = PBXFileReference; lastKnownFileType = folder.assetcatalog; path = Images.xcassets; sourceTree = "<group>"; };
		FC06E6EA1A665B7D0044BB16 /* Base */ = {isa = PBXFileReference; lastKnownFileType = file.xib; name = Base; path = Base.lproj/LaunchScreen.xib; sourceTree = "<group>"; };
		FC06E6F01A665B7D0044BB16 /* Random DeciderTests.xctest */ = {isa = PBXFileReference; explicitFileType = wrapper.cfbundle; includeInIndex = 0; path = "Random DeciderTests.xctest"; sourceTree = BUILT_PRODUCTS_DIR; };
		FC06E6F51A665B7D0044BB16 /* Info.plist */ = {isa = PBXFileReference; lastKnownFileType = text.plist.xml; path = Info.plist; sourceTree = "<group>"; };
		FC06E6F61A665B7D0044BB16 /* Random_DeciderTests.m */ = {isa = PBXFileReference; lastKnownFileType = sourcecode.c.objc; path = Random_DeciderTests.m; sourceTree = "<group>"; };
/* End PBXFileReference section */

/* Begin PBXFrameworksBuildPhase section */
		FC06E6D41A665B7D0044BB16 /* Frameworks */ = {
			isa = PBXFrameworksBuildPhase;
			buildActionMask = 2147483647;
			files = (
			);
			runOnlyForDeploymentPostprocessing = 0;
		};
		FC06E6ED1A665B7D0044BB16 /* Frameworks */ = {
			isa = PBXFrameworksBuildPhase;
			buildActionMask = 2147483647;
			files = (
			);
			runOnlyForDeploymentPostprocessing = 0;
		};
/* End PBXFrameworksBuildPhase section */

/* Begin PBXGroup section */
		FC06E6CE1A665B7D0044BB16 = {
			isa = PBXGroup;
			children = (
				FC06E6D91A665B7D0044BB16 /* Random Decider */,
				FC06E6F31A665B7D0044BB16 /* Random DeciderTests */,
				FC06E6D81A665B7D0044BB16 /* Products */,
			);
			sourceTree = "<group>";
		};
		FC06E6D81A665B7D0044BB16 /* Products */ = {
			isa = PBXGroup;
			children = (
				FC06E6D71A665B7D0044BB16 /* Random Decider.app */,
				FC06E6F01A665B7D0044BB16 /* Random DeciderTests.xctest */,
			);
			name = Products;
			sourceTree = "<group>";
		};
		FC06E6D91A665B7D0044BB16 /* Random Decider */ = {
			isa = PBXGroup;
			children = (
				FC06E6DE1A665B7D0044BB16 /* AppDelegate.h */,
				FC06E6DF1A665B7D0044BB16 /* AppDelegate.m */,
				FC06E6E11A665B7D0044BB16 /* ViewController.h */,
				FC06E6E21A665B7D0044BB16 /* ViewController.m */,
				FC06E6E41A665B7D0044BB16 /* Main.storyboard */,
				FC06E6E71A665B7D0044BB16 /* Images.xcassets */,
				FC06E6E91A665B7D0044BB16 /* LaunchScreen.xib */,
				FC06E6DA1A665B7D0044BB16 /* Supporting Files */,
			);
			path = "Random Decider";
			sourceTree = "<group>";
		};
		FC06E6DA1A665B7D0044BB16 /* Supporting Files */ = {
			isa = PBXGroup;
			children = (
				FC06E6DB1A665B7D0044BB16 /* Info.plist */,
				FC06E6DC1A665B7D0044BB16 /* main.m */,
			);
			name = "Supporting Files";
			sourceTree = "<group>";
		};
		FC06E6F31A665B7D0044BB16 /* Random DeciderTests */ = {
			isa = PBXGroup;
			children = (
				FC06E6F61A665B7D0044BB16 /* Random_DeciderTests.m */,
				FC06E6F41A665B7D0044BB16 /* Supporting Files */,
			);
			path = "Random DeciderTests";
			sourceTree = "<group>";
		};
		FC06E6F41A665B7D0044BB16 /* Supporting Files */ = {
			isa = PBXGroup;
			children = (
				FC06E6F51A665B7D0044BB16 /* Info.plist */,
			);
			name = "Supporting Files";
			sourceTree = "<group>";
		};
/* End PBXGroup section */

/* Begin PBXNativeTarget section */
		FC06E6D61A665B7D0044BB16 /* Random Decider */ = {
			isa = PBXNativeTarget;
			buildConfigurationList = FC06E6FA1A665B7D0044BB16 /* Build configuration list for PBXNativeTarget "Random Decider" */;
			buildPhases = (
				FC06E6D31A665B7D0044BB16 /* Sources */,
				FC06E6D41A665B7D0044BB16 /* Frameworks */,
				FC06E6D51A665B7D0044BB16 /* Resources */,
			);
			buildRules = (
			);
			dependencies = (
			);
			name = "Random Decider";
			productName = "Random Decider";
			productReference = FC06E6D71A665B7D0044BB16 /* Random Decider.app */;
			productType = "com.apple.product-type.application";
		};
		FC06E6EF1A665B7D0044BB16 /* Random DeciderTests */ = {
			isa = PBXNativeTarget;
			buildConfigurationList = FC06E6FD1A665B7D0044BB16 /* Build configuration list for PBXNativeTarget "Random DeciderTests" */;
			buildPhases = (
				FC06E6EC1A665B7D0044BB16 /* Sources */,
				FC06E6ED1A665B7D0044BB16 /* Frameworks */,
				FC06E6EE1A665B7D0044BB16 /* Resources */,
			);
			buildRules = (
			);
			dependencies = (
				FC06E6F21A665B7D0044BB16 /* PBXTargetDependency */,
			);
			name = "Random DeciderTests";
			productName = "Random DeciderTests";
			productReference = FC06E6F01A665B7D0044BB16 /* Random DeciderTests.xctest */;
			productType = "com.apple.product-type.bundle.unit-test";
		};
/* End PBXNativeTarget section */

/* Begin PBXProject section */
		FC06E6CF1A665B7D0044BB16 /* Project object */ = {
			isa = PBXProject;
			attributes = {
				LastUpgradeCheck = 0610;
				ORGANIZATIONNAME = "sbornes-portfolio";
				TargetAttributes = {
					FC06E6D61A665B7D0044BB16 = {
						CreatedOnToolsVersion = 6.1.1;
					};
					FC06E6EF1A665B7D0044BB16 = {
						CreatedOnToolsVersion = 6.1.1;
						TestTargetID = FC06E6D61A665B7D0044BB16;
					};
				};
			};
			buildConfigurationList = FC06E6D21A665B7D0044BB16 /* Build configuration list for PBXProject "Random Decider" */;
			compatibilityVersion = "Xcode 3.2";
			developmentRegion = English;
			hasScannedForEncodings = 0;
			knownRegions = (
				en,
				Base,
			);
			mainGroup = FC06E6CE1A665B7D0044BB16;
			productRefGroup = FC06E6D81A665B7D0044BB16 /* Products */;
			projectDirPath = "";
			projectRoot = "";
			targets = (
				FC06E6D61A665B7D0044BB16 /* Random Decider */,
				FC06E6EF1A665B7D0044BB16 /* Random DeciderTests */,
			);
		};
/* End PBXProject section */

/* Begin PBXResourcesBuildPhase section */
		FC06E6D51A665B7D0044BB16 /* Resources */ = {
			isa = PBXResourcesBuildPhase;
			buildActionMask = 2147483647;
			files = (
				FC06E6E61A665B7D0044BB16 /* Main.storyboard in Resources */,
				FC06E6EB1A665B7D0044BB16 /* LaunchScreen.xib in Resources */,
				FC06E6E81A665B7D0044BB16 /* Images.xcassets in Resources */,
			);
			runOnlyForDeploymentPostprocessing = 0;
		};
		FC06E6EE1A665B7D0044BB16 /* Resources */ = {
			isa = PBXResourcesBuildPhase;
			buildActionMask = 2147483647;
			files = (
			);
			runOnlyForDeploymentPostprocessing = 0;
		};
/* End PBXResourcesBuildPhase section */

/* Begin PBXSourcesBuildPhase section */
		FC06E6D31A665B7D0044BB16 /* Sources */ = {
			isa = PBXSourcesBuildPhase;
			buildActionMask = 2147483647;
			files = (
				FC06E6E31A665B7D0044BB16 /* ViewController.m in Sources */,
				FC06E6E01A665B7D0044BB16 /* AppDelegate.m in Sources */,
				FC06E6DD1A665B7D0044BB16 /* main.m in Sources */,
			);
			runOnlyForDeploymentPostprocessing = 0;
		};
		FC06E6EC1A665B7D0044BB16 /* Sources */ = {
			isa = PBXSourcesBuildPhase;
			buildActionMask = 2147483647;
			files = (
				FC06E6F71A665B7D0044BB16 /* Random_DeciderTests.m in Sources */,
			);
			runOnlyForDeploymentPostprocessing = 0;
		};
/* End PBXSourcesBuildPhase section */

/* Begin PBXTargetDependency section */
		FC06E6F21A665B7D0044BB16 /* PBXTargetDependency */ = {
			isa = PBXTargetDependency;
			target = FC06E6D61A665B7D0044BB16 /* Random Decider */;
			targetProxy = FC06E6F11A665B7D0044BB16 /* PBXContainerItemProxy */;
		};
/* End PBXTargetDependency section */

/* Begin PBXVariantGroup section */
		FC06E6E41A665B7D0044BB16 /* Main.storyboard */ = {
			isa = PBXVariantGroup;
			children = (
				FC06E6E51A665B7D0044BB16 /* Base */,
			);
			name = Main.storyboard;
			sourceTree = "<group>";
		};
		FC06E6E91A665B7D0044BB16 /* LaunchScreen.xib */ = {
			isa = PBXVariantGroup;
			children = (
				FC06E6EA1A665B7D0044BB16 /* Base */,
			);
			name = LaunchScreen.xib;
			sourceTree = "<group>";
		};
/* End PBXVariantGroup section */

/* Begin XCBuildConfiguration section */
		FC06E6F81A665B7D0044BB16 /* Debug */ = {
			isa = XCBuildConfiguration;
			buildSettings = {
				ALWAYS_SEARCH_USER_PATHS = NO;
				CLANG_CXX_LANGUAGE_STANDARD = "gnu++0x";
				CLANG_CXX_LIBRARY = "libc++";
				CLANG_ENABLE_MODULES = YES;
				CLANG_ENABLE_OBJC_ARC = YES;
				CLANG_WARN_BOOL_CONVERSION = YES;
				CLANG_WARN_CONSTANT_CONVERSION = YES;
				CLANG_WARN_DIRECT_OBJC_ISA_USAGE = YES_ERROR;
				CLANG_WARN_EMPTY_BODY = YES;
				CLANG_WARN_ENUM_CONVERSION = YES;
				CLANG_WARN_INT_CONVERSION = YES;
				CLANG_WARN_OBJC_ROOT_CLASS = YES_ERROR;
				CLANG_WARN_UNREACHABLE_CODE = YES;
				CLANG_WARN__DUPLICATE_METHOD_MATCH = YES;
				"CODE_SIGN_IDENTITY[sdk=iphoneos*]" = "iPhone Developer";
				COPY_PHASE_STRIP = NO;
				ENABLE_STRICT_OBJC_MSGSEND = YES;
				GCC_C_LANGUAGE_STANDARD = gnu99;
				GCC_DYNAMIC_NO_PIC = NO;
				GCC_OPTIMIZATION_LEVEL = 0;
				GCC_PREPROCESSOR_DEFINITIONS = (
					"DEBUG=1",
					"$(inherited)",
				);
				GCC_SYMBOLS_PRIVATE_EXTERN = NO;
				GCC_WARN_64_TO_32_BIT_CONVERSION = YES;
				GCC_WARN_ABOUT_RETURN_TYPE = YES_ERROR;
				GCC_WARN_UNDECLARED_SELECTOR = YES;
				GCC_WARN_UNINITIALIZED_AUTOS = YES_AGGRESSIVE;
				GCC_WARN_UNUSED_FUNCTION = YES;
				GCC_WARN_UNUSED_VARIABLE = YES;
				IPHONEOS_DEPLOYMENT_TARGET = 8.1;
				MTL_ENABLE_DEBUG_INFO = YES;
				ONLY_ACTIVE_ARCH = YES;
				SDKROOT = iphoneos;
			};
			name = Debug;
		};
		FC06E6F91A665B7D0044BB16 /* Release */ = {
			isa = XCBuildConfiguration;
			buildSettings = {
				ALWAYS_SEARCH_USER_PATHS = NO;
				CLANG_CXX_LANGUAGE_STANDARD = "gnu++0x";
				CLANG_CXX_LIBRARY = "libc++";
				CLANG_ENABLE_MODULES = YES;
				CLANG_ENABLE_OBJC_ARC = YES;
				CLANG_WARN_BOOL_CONVERSION = YES;
				CLANG_WARN_CONSTANT_CONVERSION = YES;
				CLANG_WARN_DIRECT_OBJC_ISA_USAGE = YES_ERROR;
				CLANG_WARN_EMPTY_BODY = YES;
				CLANG_WARN_ENUM_CONVERSION = YES;
				CLANG_WARN_INT_CONVERSION = YES;
				CLANG_WARN_OBJC_ROOT_CLASS = YES_ERROR;
				CLANG_WARN_UNREACHABLE_CODE = YES;
				CLANG_WARN__DUPLICATE_METHOD_MATCH = YES;
				"CODE_SIGN_IDENTITY[sdk=iphoneos*]" = "iPhone Developer";
				COPY_PHASE_STRIP = YES;
				ENABLE_NS_ASSERTIONS = NO;
				ENABLE_STRICT_OBJC_MSGSEND = YES;
				GCC_C_LANGUAGE_STANDARD = gnu99;
				GCC_WARN_64_TO_32_BIT_CONVERSION = YES;
				GCC_WARN_ABOUT_RETURN_TYPE = YES_ERROR;
				GCC_WARN_UNDECLARED_SELECTOR = YES;
				GCC_WARN_UNINITIALIZED_AUTOS = YES_AGGRESSIVE;
				GCC_WARN_UNUSED_FUNCTION = YES;
				GCC_WARN_UNUSED_VARIABLE = YES;
				IPHONEOS_DEPLOYMENT_TARGET = 8.1;
				MTL_ENABLE_DEBUG_INFO = NO;
				SDKROOT = iphoneos;
				VALIDATE_PRODUCT = YES;
			};
			name = Release;
		};
		FC06E6FB1A665B7D0044BB16 /* Debug */ = {
			isa = XCBuildConfiguration;
			buildSettings = {
				ASSETCATALOG_COMPILER_APPICON_NAME = AppIcon;
				INFOPLIST_FILE = "Random Decider/Info.plist";
				LD_RUNPATH_SEARCH_PATHS = "$(inherited) @executable_path/Frameworks";
				PRODUCT_NAME = "$(TARGET_NAME)";
			};
			name = Debug;
		};
		FC06E6FC1A665B7D0044BB16 /* Release */ = {
			isa = XCBuildConfiguration;
			buildSettings = {
				ASSETCATALOG_COMPILER_APPICON_NAME = AppIcon;
				INFOPLIST_FILE = "Random Decider/Info.plist";
				LD_RUNPATH_SEARCH_PATHS = "$(inherited) @executable_path/Frameworks";
				PRODUCT_NAME = "$(TARGET_NAME)";
			};
			name = Release;
		};
		FC06E6FE1A665B7D0044BB16 /* Debug */ = {
			isa = XCBuildConfiguration;
			buildSettings = {
				BUNDLE_LOADER = "$(TEST_HOST)";
				FRAMEWORK_SEARCH_PATHS = (
					"$(SDKROOT)/Developer/Library/Frameworks",
					"$(inherited)",
				);
				GCC_PREPROCESSOR_DEFINITIONS = (
					"DEBUG=1",
					"$(inherited)",
				);
				INFOPLIST_FILE = "Random DeciderTests/Info.plist";
				LD_RUNPATH_SEARCH_PATHS = "$(inherited) @executable_path/Frameworks @loader_path/Frameworks";
				PRODUCT_NAME = "$(TARGET_NAME)";
				TEST_HOST = "$(BUILT_PRODUCTS_DIR)/Random Decider.app/Random Decider";
			};
			name = Debug;
		};
		FC06E6FF1A665B7D0044BB16 /* Release */ = {
			isa = XCBuildConfiguration;
			buildSettings = {
				BUNDLE_LOADER = "$(TEST_HOST)";
				FRAMEWORK_SEARCH_PATHS = (
					"$(SDKROOT)/Developer/Library/Frameworks",
					"$(inherited)",
				);
				INFOPLIST_FILE = "Random DeciderTests/Info.plist";
				LD_RUNPATH_SEARCH_PATHS = "$(inherited) @executable_path/Frameworks @loader_path/Frameworks";
				PRODUCT_NAME = "$(TARGET_NAME)";
				TEST_HOST = "$(BUILT_PRODUCTS_DIR)/Random Decider.app/Random Decider";
			};
			name = Release;
		};
/* End XCBuildConfiguration section */

/* Begin XCConfigurationList section */
		FC06E6D21A665B7D0044BB16 /* Build configuration list for PBXProject "Random Decider" */ = {
			isa = XCConfigurationList;
			buildConfigurations = (
				FC06E6F81A665B7D0044BB16 /* Debug */,
				FC06E6F91A665B7D0044BB16 /* Release */,
			);
			defaultConfigurationIsVisible = 0;
			defaultConfigurationName = Release;
		};
		FC06E6FA1A665B7D0044BB16 /* Build configuration list for PBXNativeTarget "Random Decider" */ = {
			isa = XCConfigurationList;
			buildConfigurations = (
				FC06E6FB1A665B7D0044BB16 /* Debug */,
				FC06E6FC1A665B7D0044BB16 /* Release */,
			);
			defaultConfigurationIsVisible = 0;
		};
		FC06E6FD1A665B7D0044BB16 /* Build configuration list for PBXNativeTarget "Random DeciderTests" */ = {
			isa = XCConfigurationList;
			buildConfigurations = (
				FC06E6FE1A665B7D0044BB16 /* Debug */,
				FC06E6FF1A665B7D0044BB16 /* Release */,
			);
			defaultConfigurationIsVisible = 0;
		};
/* End XCConfigurationList section */
	};
	rootObject = FC06E6CF1A665B7D0044BB16 /* Project object */;
}
